<?xml version="1.0" encoding="utf-8"?>
<Project ToolsVersion="4.0" xmlns="http://schemas.microsoft.com/developer/msbuild/2003">
  <ItemGroup>
    <Filter Include="Source Files">
      <UniqueIdentifier>{4FC737F1-C7A5-4376-A066-2A32D752A2FF}</UniqueIdentifier>
      <Extensions>cpp;c;cc;cxx;def;odl;idl;hpj;bat;asm;asmx</Extensions>
    </Filter>
    <Filter Include="Header Files">
      <UniqueIdentifier>{93995380-89BD-4b04-88EB-625FBE52EBFB}</UniqueIdentifier>
      <Extensions>h;hh;hpp;hxx;hm;inl;inc;ipp;xsd</Extensions>
    </Filter>
    <Filter Include="Resource Files">
      <UniqueIdentifier>{67DA6AB6-F800-4c08-8B7A-83BB121AAD01}</UniqueIdentifier>
      <Extensions>rc;ico;cur;bmp;dlg;rc2;rct;bin;rgs;gif;jpg;jpeg;jpe;resx;tiff;tif;png;wav;mfcribbon-ms</Extensions>
    </Filter>
  </ItemGroup>
  <ItemGroup>
    <ClInclude Include="include\Unet\Lobby.h">
      <Filter>Header Files</Filter>
    </ClInclude>
    <ClInclude Include="include\Unet\LobbyInfo.h">
      <Filter>Header Files</Filter>
    </ClInclude>
    <ClInclude Include="include\Unet_common.h">
      <Filter>Header Files</Filter>
    </ClInclude>
    <ClInclude Include="include\Unet.h">
      <Filter>Header Files</Filter>
    </ClInclude>
    <ClInclude Include="include\Unet\Result.h">
      <Filter>Header Files</Filter>
    </ClInclude>
    <ClInclude Include="include\Unet\ServiceType.h">
      <Filter>Header Files</Filter>
    </ClInclude>
    <ClInclude Include="include\Unet\ServiceEntryPoint.h">
      <Filter>Header Files</Filter>
    </ClInclude>
    <ClInclude Include="include\Unet\ResultObject.h">
      <Filter>Header Files</Filter>
    </ClInclude>
    <ClInclude Include="include\Unet\Services\ServiceGalaxy.h">
      <Filter>Header Files</Filter>
    </ClInclude>
    <ClInclude Include="include\Unet\Services\ServiceSteam.h">
      <Filter>Header Files</Filter>
    </ClInclude>
    <ClInclude Include="include\Unet\Results\CreateLobbyResult.h">
      <Filter>Header Files</Filter>
    </ClInclude>
    <ClInclude Include="include\Unet\Results\LobbyListResult.h">
      <Filter>Header Files</Filter>
    </ClInclude>
    <ClInclude Include="include\Unet\Results\LobbyJoinResult.h">
      <Filter>Header Files</Filter>
    </ClInclude>
    <ClInclude Include="include\Unet\Results\LobbyLeftResult.h">
      <Filter>Header Files</Filter>
    </ClInclude>
    <ClInclude Include="include\Unet\Service.h">
      <Filter>Header Files</Filter>
    </ClInclude>
    <ClInclude Include="include\Unet\MultiCallback.h">
      <Filter>Header Files</Filter>
    </ClInclude>
    <ClInclude Include="include\Unet\Context.h">
      <Filter>Header Files</Filter>
    </ClInclude>
    <ClInclude Include="include\Unet\Callbacks.h">
      <Filter>Header Files</Filter>
    </ClInclude>
    <ClInclude Include="include\Unet\Utils.h">
      <Filter>Header Files</Filter>
    </ClInclude>
    <ClInclude Include="include\guid.hpp">
      <Filter>Header Files</Filter>
    </ClInclude>
  </ItemGroup>
  <ItemGroup>
    <ClCompile Include="src\Services\ServiceSteam.cpp">
      <Filter>Source Files</Filter>
    </ClCompile>
    <ClCompile Include="src\Services\ServiceGalaxy.cpp">
      <Filter>Source Files</Filter>
    </ClCompile>
    <ClCompile Include="src\Unet.cpp">
      <Filter>Source Files</Filter>
    </ClCompile>
    <ClCompile Include="src\LobbyInfo.cpp">
      <Filter>Source Files</Filter>
    </ClCompile>
    <ClCompile Include="src\Lobby.cpp">
      <Filter>Source Files</Filter>
    </ClCompile>
    <ClCompile Include="src\Context.cpp">
      <Filter>Source Files</Filter>
    </ClCompile>
    <ClCompile Include="src\ServiceType.cpp">
      <Filter>Source Files</Filter>
    </ClCompile>
    <ClCompile Include="src\Utils.cpp">
      <Filter>Source Files</Filter>
    </ClCompile>
    <ClCompile Include="src\guid.cpp">
      <Filter>Source Files</Filter>
    </ClCompile>
  </ItemGroup>
</Project>